// !$*UTF8*$!
{
	archiveVersion = 1;
	classes = {
	};
	objectVersion = 46;
	objects = {

/* Begin PBXBuildFile section */
		1D3623260D0F684500981E51 /* SGLayerUpdaterAppDelegate.m in Sources */ = {isa = PBXBuildFile; fileRef = 1D3623250D0F684500981E51 /* SGLayerUpdaterAppDelegate.m */; };
		1D60589B0D05DD56006BFB54 /* main.m in Sources */ = {isa = PBXBuildFile; fileRef = 29B97316FDCFA39411CA2CEA /* main.m */; };
		1D60589F0D05DD5A006BFB54 /* Foundation.framework in Frameworks */ = {isa = PBXBuildFile; fileRef = 1D30AB110D05D00D00671497 /* Foundation.framework */; };
		1DF5F4E00D08C38300B7A737 /* UIKit.framework in Frameworks */ = {isa = PBXBuildFile; fileRef = 1DF5F4DF0D08C38300B7A737 /* UIKit.framework */; };
		288765A50DF7441C002DB57D /* CoreGraphics.framework in Frameworks */ = {isa = PBXBuildFile; fileRef = 288765A40DF7441C002DB57D /* CoreGraphics.framework */; };
		4A9357281219A1D60068DD31 /* LICENSE in Resources */ = {isa = PBXBuildFile; fileRef = 4A9357271219A1D60068DD31 /* LICENSE */; };
		4AE4AAFA121895FD00EF9BC2 /* MainWindow.xib in Resources */ = {isa = PBXBuildFile; fileRef = 4AE4AAF7121895FD00EF9BC2 /* MainWindow.xib */; };
		4AE4AAFB121895FD00EF9BC2 /* SGLayerUpdater-Info.plist in Resources */ = {isa = PBXBuildFile; fileRef = 4AE4AAF8121895FD00EF9BC2 /* SGLayerUpdater-Info.plist */; };
		4AE4AB01121896EE00EF9BC2 /* Token.plist in Resources */ = {isa = PBXBuildFile; fileRef = 4AE4AB00121896EE00EF9BC2 /* Token.plist */; };
		4AE4AC7612189A4B00EF9BC2 /* CoreLocation.framework in Frameworks */ = {isa = PBXBuildFile; fileRef = 4AE4AC7512189A4B00EF9BC2 /* CoreLocation.framework */; };
		4AE4ACB012189C9600EF9BC2 /* SGMainViewController.m in Sources */ = {isa = PBXBuildFile; fileRef = 4AE4ACAF12189C9600EF9BC2 /* SGMainViewController.m */; };
		4AE4ACBE12189F7100EF9BC2 /* MapKit.framework in Frameworks */ = {isa = PBXBuildFile; fileRef = 4AE4ACBD12189F7100EF9BC2 /* MapKit.framework */; };
		4AE4AD021218A17B00EF9BC2 /* SGCreateRecordViewController.m in Sources */ = {isa = PBXBuildFile; fileRef = 4AE4AD011218A17B00EF9BC2 /* SGCreateRecordViewController.m */; };
/* End PBXBuildFile section */

/* Begin PBXFileReference section */
		1D30AB110D05D00D00671497 /* Foundation.framework */ = {isa = PBXFileReference; lastKnownFileType = wrapper.framework; name = Foundation.framework; path = System/Library/Frameworks/Foundation.framework; sourceTree = SDKROOT; };
		1D3623240D0F684500981E51 /* SGLayerUpdaterAppDelegate.h */ = {isa = PBXFileReference; fileEncoding = 4; lastKnownFileType = sourcecode.c.h; path = SGLayerUpdaterAppDelegate.h; sourceTree = "<group>"; };
		1D3623250D0F684500981E51 /* SGLayerUpdaterAppDelegate.m */ = {isa = PBXFileReference; fileEncoding = 4; lastKnownFileType = sourcecode.c.objc; path = SGLayerUpdaterAppDelegate.m; sourceTree = "<group>"; };
		1DF5F4DF0D08C38300B7A737 /* UIKit.framework */ = {isa = PBXFileReference; lastKnownFileType = wrapper.framework; name = UIKit.framework; path = System/Library/Frameworks/UIKit.framework; sourceTree = SDKROOT; };
		288765A40DF7441C002DB57D /* CoreGraphics.framework */ = {isa = PBXFileReference; lastKnownFileType = wrapper.framework; name = CoreGraphics.framework; path = System/Library/Frameworks/CoreGraphics.framework; sourceTree = SDKROOT; };
		29B97316FDCFA39411CA2CEA /* main.m */ = {isa = PBXFileReference; fileEncoding = 4; lastKnownFileType = sourcecode.c.objc; path = main.m; sourceTree = "<group>"; };
		4A9357271219A1D60068DD31 /* LICENSE */ = {isa = PBXFileReference; fileEncoding = 4; lastKnownFileType = text; path = LICENSE; sourceTree = "<group>"; };
		4AC4A696121B666600D1B3DA /* SGMapKit.h */ = {isa = PBXFileReference; fileEncoding = 4; lastKnownFileType = sourcecode.c.h; path = SGMapKit.h; sourceTree = "<group>"; };
		4AE4AAF3121895EE00EF9BC2 /* SGLayerUpdater.app */ = {isa = PBXFileReference; explicitFileType = wrapper.application; includeInIndex = 0; path = SGLayerUpdater.app; sourceTree = BUILT_PRODUCTS_DIR; };
		4AE4AAF7121895FD00EF9BC2 /* MainWindow.xib */ = {isa = PBXFileReference; lastKnownFileType = file.xib; path = MainWindow.xib; sourceTree = "<group>"; };
		4AE4AAF8121895FD00EF9BC2 /* SGLayerUpdater-Info.plist */ = {isa = PBXFileReference; fileEncoding = 4; lastKnownFileType = text.plist.xml; path = "SGLayerUpdater-Info.plist"; sourceTree = "<group>"; };
		4AE4AAF9121895FD00EF9BC2 /* SGLayerUpdater_Prefix.pch */ = {isa = PBXFileReference; fileEncoding = 4; lastKnownFileType = sourcecode.c.h; path = SGLayerUpdater_Prefix.pch; sourceTree = "<group>"; };
		4AE4AB00121896EE00EF9BC2 /* Token.plist */ = {isa = PBXFileReference; fileEncoding = 4; lastKnownFileType = text.plist.xml; path = Token.plist; sourceTree = "<group>"; };
		4AE4ABC21218992700EF9BC2 /* GeoJSON+NSArray.h */ = {isa = PBXFileReference; fileEncoding = 4; lastKnownFileType = sourcecode.c.h; path = "GeoJSON+NSArray.h"; sourceTree = "<group>"; };
		4AE4ABC31218992700EF9BC2 /* GeoJSON+NSDictionary.h */ = {isa = PBXFileReference; fileEncoding = 4; lastKnownFileType = sourcecode.c.h; path = "GeoJSON+NSDictionary.h"; sourceTree = "<group>"; };
		4AE4ABC41218992700EF9BC2 /* NSStringAdditions.h */ = {isa = PBXFileReference; fileEncoding = 4; lastKnownFileType = sourcecode.c.h; path = NSStringAdditions.h; sourceTree = "<group>"; };
		4AE4ABC51218992700EF9BC2 /* SGAdditions.h */ = {isa = PBXFileReference; fileEncoding = 4; lastKnownFileType = sourcecode.c.h; path = SGAdditions.h; sourceTree = "<group>"; };
		4AE4ABC61218992700EF9BC2 /* SGAuthorization.h */ = {isa = PBXFileReference; fileEncoding = 4; lastKnownFileType = sourcecode.c.h; path = SGAuthorization.h; sourceTree = "<group>"; };
		4AE4ABC71218992700EF9BC2 /* SGCacheHandler.h */ = {isa = PBXFileReference; fileEncoding = 4; lastKnownFileType = sourcecode.c.h; path = SGCacheHandler.h; sourceTree = "<group>"; };
		4AE4ABC81218992700EF9BC2 /* SGClient.h */ = {isa = PBXFileReference; fileEncoding = 4; lastKnownFileType = sourcecode.c.h; path = SGClient.h; sourceTree = "<group>"; };
		4AE4ABC91218992700EF9BC2 /* SGCommitLog.h */ = {isa = PBXFileReference; fileEncoding = 4; lastKnownFileType = sourcecode.c.h; path = SGCommitLog.h; sourceTree = "<group>"; };
		4AE4ABCA1218992700EF9BC2 /* SGGeohashNearbyQuery.h */ = {isa = PBXFileReference; fileEncoding = 4; lastKnownFileType = sourcecode.c.h; path = SGGeohashNearbyQuery.h; sourceTree = "<group>"; };
		4AE4ABCB1218992700EF9BC2 /* SGGeoJSON+NSDictionary.h */ = {isa = PBXFileReference; fileEncoding = 4; lastKnownFileType = sourcecode.c.h; path = "SGGeoJSON+NSDictionary.h"; sourceTree = "<group>"; };
		4AE4ABCC1218992700EF9BC2 /* SGGeoJSON.h */ = {isa = PBXFileReference; fileEncoding = 4; lastKnownFileType = sourcecode.c.h; path = SGGeoJSON.h; sourceTree = "<group>"; };
		4AE4ABCD1218992700EF9BC2 /* SGGeoJSONEncoder.h */ = {isa = PBXFileReference; fileEncoding = 4; lastKnownFileType = sourcecode.c.h; path = SGGeoJSONEncoder.h; sourceTree = "<group>"; };
		4AE4ABCE1218992700EF9BC2 /* SGHistoryQuery.h */ = {isa = PBXFileReference; fileEncoding = 4; lastKnownFileType = sourcecode.c.h; path = SGHistoryQuery.h; sourceTree = "<group>"; };
		4AE4ABCF1218992700EF9BC2 /* SGLatLonNearbyQuery.h */ = {isa = PBXFileReference; fileEncoding = 4; lastKnownFileType = sourcecode.c.h; path = SGLatLonNearbyQuery.h; sourceTree = "<group>"; };
		4AE4ABD01218992700EF9BC2 /* SGLayer.h */ = {isa = PBXFileReference; fileEncoding = 4; lastKnownFileType = sourcecode.c.h; path = SGLayer.h; sourceTree = "<group>"; };
		4AE4ABD11218992700EF9BC2 /* SGLocationManager.h */ = {isa = PBXFileReference; fileEncoding = 4; lastKnownFileType = sourcecode.c.h; path = SGLocationManager.h; sourceTree = "<group>"; };
		4AE4ABD21218992700EF9BC2 /* SGLocationService.h */ = {isa = PBXFileReference; fileEncoding = 4; lastKnownFileType = sourcecode.c.h; path = SGLocationService.h; sourceTree = "<group>"; };
		4AE4ABD31218992700EF9BC2 /* SGLocationTypes.h */ = {isa = PBXFileReference; fileEncoding = 4; lastKnownFileType = sourcecode.c.h; path = SGLocationTypes.h; sourceTree = "<group>"; };
		4AE4ABD41218992700EF9BC2 /* SGNearbyQuery.h */ = {isa = PBXFileReference; fileEncoding = 4; lastKnownFileType = sourcecode.c.h; path = SGNearbyQuery.h; sourceTree = "<group>"; };
		4AE4ABD51218992700EF9BC2 /* SGOAuth.h */ = {isa = PBXFileReference; fileEncoding = 4; lastKnownFileType = sourcecode.c.h; path = SGOAuth.h; sourceTree = "<group>"; };
		4AE4ABD61218992700EF9BC2 /* SGQuery.h */ = {isa = PBXFileReference; fileEncoding = 4; lastKnownFileType = sourcecode.c.h; path = SGQuery.h; sourceTree = "<group>"; };
		4AE4ABD71218992700EF9BC2 /* SGRecord.h */ = {isa = PBXFileReference; fileEncoding = 4; lastKnownFileType = sourcecode.c.h; path = SGRecord.h; sourceTree = "<group>"; };
		4AE4ABD81218992700EF9BC2 /* SGRecordAnnotation.h */ = {isa = PBXFileReference; fileEncoding = 4; lastKnownFileType = sourcecode.c.h; path = SGRecordAnnotation.h; sourceTree = "<group>"; };
		4AE4ABDA1218992700EF9BC2 /* libSGClient.a */ = {isa = PBXFileReference; lastKnownFileType = archive.ar; path = libSGClient.a; sourceTree = "<group>"; };
		4AE4ABDC1218992700EF9BC2 /* libSGClient.a */ = {isa = PBXFileReference; lastKnownFileType = archive.ar; path = libSGClient.a; sourceTree = "<group>"; };
		4AE4ABDD1218992700EF9BC2 /* LICENSE */ = {isa = PBXFileReference; fileEncoding = 4; lastKnownFileType = text; path = LICENSE; sourceTree = "<group>"; };
		4AE4ABDE1218992700EF9BC2 /* README */ = {isa = PBXFileReference; fileEncoding = 4; lastKnownFileType = text; path = README; sourceTree = "<group>"; };
		4AE4AC7512189A4B00EF9BC2 /* CoreLocation.framework */ = {isa = PBXFileReference; lastKnownFileType = wrapper.framework; name = CoreLocation.framework; path = System/Library/Frameworks/CoreLocation.framework; sourceTree = SDKROOT; };
		4AE4ACAE12189C9600EF9BC2 /* SGMainViewController.h */ = {isa = PBXFileReference; fileEncoding = 4; lastKnownFileType = sourcecode.c.h; path = SGMainViewController.h; sourceTree = "<group>"; };
		4AE4ACAF12189C9600EF9BC2 /* SGMainViewController.m */ = {isa = PBXFileReference; fileEncoding = 4; lastKnownFileType = sourcecode.c.objc; path = SGMainViewController.m; sourceTree = "<group>"; };
		4AE4ACBD12189F7100EF9BC2 /* MapKit.framework */ = {isa = PBXFileReference; lastKnownFileType = wrapper.framework; name = MapKit.framework; path = System/Library/Frameworks/MapKit.framework; sourceTree = SDKROOT; };
		4AE4AD001218A17B00EF9BC2 /* SGCreateRecordViewController.h */ = {isa = PBXFileReference; fileEncoding = 4; lastKnownFileType = sourcecode.c.h; path = SGCreateRecordViewController.h; sourceTree = "<group>"; };
		4AE4AD011218A17B00EF9BC2 /* SGCreateRecordViewController.m */ = {isa = PBXFileReference; fileEncoding = 4; lastKnownFileType = sourcecode.c.objc; path = SGCreateRecordViewController.m; sourceTree = "<group>"; };
		4AE4AD841218B4EA00EF9BC2 /* SGDynamicPolylineView.h */ = {isa = PBXFileReference; fileEncoding = 4; lastKnownFileType = sourcecode.c.h; path = SGDynamicPolylineView.h; sourceTree = "<group>"; };
		4AE4AD851218B4EA00EF9BC2 /* SGLayerMapView.h */ = {isa = PBXFileReference; fileEncoding = 4; lastKnownFileType = sourcecode.c.h; path = SGLayerMapView.h; sourceTree = "<group>"; };
		4AE4AD861218B4EA00EF9BC2 /* SGPointHelper.h */ = {isa = PBXFileReference; fileEncoding = 4; lastKnownFileType = sourcecode.c.h; path = SGPointHelper.h; sourceTree = "<group>"; };
		4AE4AD871218B4EA00EF9BC2 /* SGRecordLine.h */ = {isa = PBXFileReference; fileEncoding = 4; lastKnownFileType = sourcecode.c.h; path = SGRecordLine.h; sourceTree = "<group>"; };
		4AE4AD891218B4EA00EF9BC2 /* libSGMapKit.a */ = {isa = PBXFileReference; lastKnownFileType = archive.ar; path = libSGMapKit.a; sourceTree = "<group>"; };
		4AE4AD8B1218B4EA00EF9BC2 /* libSGMapKit.a */ = {isa = PBXFileReference; lastKnownFileType = archive.ar; path = libSGMapKit.a; sourceTree = "<group>"; };
		4AE4AD8C1218B4EA00EF9BC2 /* LICENSE */ = {isa = PBXFileReference; fileEncoding = 4; lastKnownFileType = text; path = LICENSE; sourceTree = "<group>"; };
		4AE4AD8D1218B4EA00EF9BC2 /* README */ = {isa = PBXFileReference; fileEncoding = 4; lastKnownFileType = text; path = README; sourceTree = "<group>"; };
/* End PBXFileReference section */

/* Begin PBXFrameworksBuildPhase section */
		1D60588F0D05DD3D006BFB54 /* Frameworks */ = {
			isa = PBXFrameworksBuildPhase;
			buildActionMask = 2147483647;
			files = (
				1D60589F0D05DD5A006BFB54 /* Foundation.framework in Frameworks */,
				1DF5F4E00D08C38300B7A737 /* UIKit.framework in Frameworks */,
				288765A50DF7441C002DB57D /* CoreGraphics.framework in Frameworks */,
				4AE4AC7612189A4B00EF9BC2 /* CoreLocation.framework in Frameworks */,
				4AE4ACBE12189F7100EF9BC2 /* MapKit.framework in Frameworks */,
			);
			runOnlyForDeploymentPostprocessing = 0;
		};
/* End PBXFrameworksBuildPhase section */

/* Begin PBXGroup section */
		080E96DDFE201D6D7F000001 /* Classes */ = {
			isa = PBXGroup;
			children = (
				1D3623240D0F684500981E51 /* SGLayerUpdaterAppDelegate.h */,
				1D3623250D0F684500981E51 /* SGLayerUpdaterAppDelegate.m */,
				4AE4ACAE12189C9600EF9BC2 /* SGMainViewController.h */,
				4AE4ACAF12189C9600EF9BC2 /* SGMainViewController.m */,
				4AE4AD001218A17B00EF9BC2 /* SGCreateRecordViewController.h */,
				4AE4AD011218A17B00EF9BC2 /* SGCreateRecordViewController.m */,
			);
			path = Classes;
			sourceTree = "<group>";
		};
		19C28FACFE9D520D11CA2CBB /* Products */ = {
			isa = PBXGroup;
			children = (
				4AE4AAF3121895EE00EF9BC2 /* SGLayerUpdater.app */,
			);
			name = Products;
			sourceTree = "<group>";
		};
		29B97314FDCFA39411CA2CEA /* CustomTemplate */ = {
			isa = PBXGroup;
			children = (
				4AE4AB101218992700EF9BC2 /* SGiPhoneSDK */,
				4AE4AAF6121895FD00EF9BC2 /* Resources */,
				080E96DDFE201D6D7F000001 /* Classes */,
				29B97315FDCFA39411CA2CEA /* Other Sources */,
				29B97323FDCFA39411CA2CEA /* Frameworks */,
				19C28FACFE9D520D11CA2CBB /* Products */,
				4A9357271219A1D60068DD31 /* LICENSE */,
			);
			name = CustomTemplate;
			sourceTree = "<group>";
		};
		29B97315FDCFA39411CA2CEA /* Other Sources */ = {
			isa = PBXGroup;
			children = (
				29B97316FDCFA39411CA2CEA /* main.m */,
			);
			name = "Other Sources";
			sourceTree = "<group>";
		};
		29B97323FDCFA39411CA2CEA /* Frameworks */ = {
			isa = PBXGroup;
			children = (
				4AE4ACBD12189F7100EF9BC2 /* MapKit.framework */,
				4AE4AC7512189A4B00EF9BC2 /* CoreLocation.framework */,
				1DF5F4DF0D08C38300B7A737 /* UIKit.framework */,
				1D30AB110D05D00D00671497 /* Foundation.framework */,
				288765A40DF7441C002DB57D /* CoreGraphics.framework */,
			);
			name = Frameworks;
			sourceTree = "<group>";
		};
		4AE4AAF6121895FD00EF9BC2 /* Resources */ = {
			isa = PBXGroup;
			children = (
				4AE4AAF7121895FD00EF9BC2 /* MainWindow.xib */,
				4AE4AAF8121895FD00EF9BC2 /* SGLayerUpdater-Info.plist */,
				4AE4AAF9121895FD00EF9BC2 /* SGLayerUpdater_Prefix.pch */,
				4AE4AB00121896EE00EF9BC2 /* Token.plist */,
			);
			path = Resources;
			sourceTree = "<group>";
		};
		4AE4AB101218992700EF9BC2 /* SGiPhoneSDK */ = {
			isa = PBXGroup;
			children = (
				4AE4AD621218B4EA00EF9BC2 /* SGMapKit */,
				4AE4AB111218992700EF9BC2 /* SGClient */,
			);
			path = SGiPhoneSDK;
			sourceTree = "<group>";
		};
		4AE4AB111218992700EF9BC2 /* SGClient */ = {
			isa = PBXGroup;
			children = (
				4AE4ABC11218992700EF9BC2 /* Headers */,
				4AE4ABD91218992700EF9BC2 /* iphoneos */,
				4AE4ABDB1218992700EF9BC2 /* iphonesimulator */,
				4AE4ABDD1218992700EF9BC2 /* LICENSE */,
				4AE4ABDE1218992700EF9BC2 /* README */,
			);
			path = SGClient;
			sourceTree = "<group>";
		};
		4AE4ABC11218992700EF9BC2 /* Headers */ = {
			isa = PBXGroup;
			children = (
				4AE4ABC21218992700EF9BC2 /* GeoJSON+NSArray.h */,
				4AE4ABC31218992700EF9BC2 /* GeoJSON+NSDictionary.h */,
				4AE4ABC41218992700EF9BC2 /* NSStringAdditions.h */,
				4AE4ABC51218992700EF9BC2 /* SGAdditions.h */,
				4AE4ABC61218992700EF9BC2 /* SGAuthorization.h */,
				4AE4ABC71218992700EF9BC2 /* SGCacheHandler.h */,
				4AE4ABC81218992700EF9BC2 /* SGClient.h */,
				4AE4ABC91218992700EF9BC2 /* SGCommitLog.h */,
				4AE4ABCA1218992700EF9BC2 /* SGGeohashNearbyQuery.h */,
				4AE4ABCB1218992700EF9BC2 /* SGGeoJSON+NSDictionary.h */,
				4AE4ABCC1218992700EF9BC2 /* SGGeoJSON.h */,
				4AE4ABCD1218992700EF9BC2 /* SGGeoJSONEncoder.h */,
				4AE4ABCE1218992700EF9BC2 /* SGHistoryQuery.h */,
				4AE4ABCF1218992700EF9BC2 /* SGLatLonNearbyQuery.h */,
				4AE4ABD01218992700EF9BC2 /* SGLayer.h */,
				4AE4ABD11218992700EF9BC2 /* SGLocationManager.h */,
				4AE4ABD21218992700EF9BC2 /* SGLocationService.h */,
				4AE4ABD31218992700EF9BC2 /* SGLocationTypes.h */,
				4AE4ABD41218992700EF9BC2 /* SGNearbyQuery.h */,
				4AE4ABD51218992700EF9BC2 /* SGOAuth.h */,
				4AE4ABD61218992700EF9BC2 /* SGQuery.h */,
				4AE4ABD71218992700EF9BC2 /* SGRecord.h */,
				4AE4ABD81218992700EF9BC2 /* SGRecordAnnotation.h */,
			);
			path = Headers;
			sourceTree = "<group>";
		};
		4AE4ABD91218992700EF9BC2 /* iphoneos */ = {
			isa = PBXGroup;
			children = (
				4AE4ABDA1218992700EF9BC2 /* libSGClient.a */,
			);
			path = iphoneos;
			sourceTree = "<group>";
		};
		4AE4ABDB1218992700EF9BC2 /* iphonesimulator */ = {
			isa = PBXGroup;
			children = (
				4AE4ABDC1218992700EF9BC2 /* libSGClient.a */,
			);
			path = iphonesimulator;
			sourceTree = "<group>";
		};
		4AE4AD621218B4EA00EF9BC2 /* SGMapKit */ = {
			isa = PBXGroup;
			children = (
				4AE4AD831218B4EA00EF9BC2 /* Headers */,
				4AE4AD881218B4EA00EF9BC2 /* iphoneos */,
				4AE4AD8A1218B4EA00EF9BC2 /* iphonesimulator */,
				4AE4AD8C1218B4EA00EF9BC2 /* LICENSE */,
				4AE4AD8D1218B4EA00EF9BC2 /* README */,
			);
			path = SGMapKit;
			sourceTree = "<group>";
		};
		4AE4AD831218B4EA00EF9BC2 /* Headers */ = {
			isa = PBXGroup;
			children = (
				4AC4A696121B666600D1B3DA /* SGMapKit.h */,
				4AE4AD841218B4EA00EF9BC2 /* SGDynamicPolylineView.h */,
				4AE4AD851218B4EA00EF9BC2 /* SGLayerMapView.h */,
				4AE4AD861218B4EA00EF9BC2 /* SGPointHelper.h */,
				4AE4AD871218B4EA00EF9BC2 /* SGRecordLine.h */,
			);
			path = Headers;
			sourceTree = "<group>";
		};
		4AE4AD881218B4EA00EF9BC2 /* iphoneos */ = {
			isa = PBXGroup;
			children = (
				4AE4AD891218B4EA00EF9BC2 /* libSGMapKit.a */,
			);
			path = iphoneos;
			sourceTree = "<group>";
		};
		4AE4AD8A1218B4EA00EF9BC2 /* iphonesimulator */ = {
			isa = PBXGroup;
			children = (
				4AE4AD8B1218B4EA00EF9BC2 /* libSGMapKit.a */,
			);
			path = iphonesimulator;
			sourceTree = "<group>";
		};
/* End PBXGroup section */

/* Begin PBXNativeTarget section */
		1D6058900D05DD3D006BFB54 /* SGLayerUpdater */ = {
			isa = PBXNativeTarget;
			buildConfigurationList = 1D6058960D05DD3E006BFB54 /* Build configuration list for PBXNativeTarget "SGLayerUpdater" */;
			buildPhases = (
				1D60588D0D05DD3D006BFB54 /* Resources */,
				1D60588E0D05DD3D006BFB54 /* Sources */,
				1D60588F0D05DD3D006BFB54 /* Frameworks */,
			);
			buildRules = (
			);
			dependencies = (
			);
			name = SGLayerUpdater;
			productName = SGLayerUpdater;
			productReference = 4AE4AAF3121895EE00EF9BC2 /* SGLayerUpdater.app */;
			productType = "com.apple.product-type.application";
		};
/* End PBXNativeTarget section */

/* Begin PBXProject section */
		29B97313FDCFA39411CA2CEA /* Project object */ = {
			isa = PBXProject;
			attributes = {
				ORGANIZATIONNAME = SimpleGeo;
			};
			buildConfigurationList = C01FCF4E08A954540054247B /* Build configuration list for PBXProject "SGLayerUpdater" */;
			compatibilityVersion = "Xcode 3.2";
			hasScannedForEncodings = 1;
			mainGroup = 29B97314FDCFA39411CA2CEA /* CustomTemplate */;
			projectDirPath = "";
			projectRoot = "";
			targets = (
				1D6058900D05DD3D006BFB54 /* SGLayerUpdater */,
			);
		};
/* End PBXProject section */

/* Begin PBXResourcesBuildPhase section */
		1D60588D0D05DD3D006BFB54 /* Resources */ = {
			isa = PBXResourcesBuildPhase;
			buildActionMask = 2147483647;
			files = (
				4AE4AAFA121895FD00EF9BC2 /* MainWindow.xib in Resources */,
				4AE4AAFB121895FD00EF9BC2 /* SGLayerUpdater-Info.plist in Resources */,
				4AE4AB01121896EE00EF9BC2 /* Token.plist in Resources */,
				4A9357281219A1D60068DD31 /* LICENSE in Resources */,
			);
			runOnlyForDeploymentPostprocessing = 0;
		};
/* End PBXResourcesBuildPhase section */

/* Begin PBXSourcesBuildPhase section */
		1D60588E0D05DD3D006BFB54 /* Sources */ = {
			isa = PBXSourcesBuildPhase;
			buildActionMask = 2147483647;
			files = (
				1D60589B0D05DD56006BFB54 /* main.m in Sources */,
				1D3623260D0F684500981E51 /* SGLayerUpdaterAppDelegate.m in Sources */,
				4AE4ACB012189C9600EF9BC2 /* SGMainViewController.m in Sources */,
				4AE4AD021218A17B00EF9BC2 /* SGCreateRecordViewController.m in Sources */,
			);
			runOnlyForDeploymentPostprocessing = 0;
		};
/* End PBXSourcesBuildPhase section */

/* Begin XCBuildConfiguration section */
		1D6058940D05DD3E006BFB54 /* Debug */ = {
			isa = XCBuildConfiguration;
			buildSettings = {
				ALWAYS_SEARCH_USER_PATHS = NO;
				COPY_PHASE_STRIP = NO;
				GCC_DYNAMIC_NO_PIC = NO;
				GCC_OPTIMIZATION_LEVEL = 0;
				GCC_PRECOMPILE_PREFIX_HEADER = YES;
				GCC_PREFIX_HEADER = Resources/SGLayerUpdater_Prefix.pch;
				INFOPLIST_FILE = "Resources/SGLayerUpdater-Info.plist";
				LIBRARY_SEARCH_PATHS = (
					"SGiPhoneSDK/SGClient/$(PLATFORM_NAME)",
					"\"$(SRCROOT)/SGiPhoneSDK/SGMapKit/$(PLATFORM_NAME)\"",
				);
				OTHER_LDFLAGS = (
					"-all_load",
					"-ObjC",
					"-l",
					SGClient,
					"-l",
					SGMapKit,
				);
				PRODUCT_NAME = SGLayerUpdater;
			};
			name = Debug;
		};
		1D6058950D05DD3E006BFB54 /* Release */ = {
			isa = XCBuildConfiguration;
			buildSettings = {
				ALWAYS_SEARCH_USER_PATHS = NO;
				COPY_PHASE_STRIP = YES;
				GCC_PRECOMPILE_PREFIX_HEADER = YES;
				GCC_PREFIX_HEADER = Resources/SGLayerUpdater_Prefix.pch;
				INFOPLIST_FILE = "Resources/SGLayerUpdater-Info.plist";
				LIBRARY_SEARCH_PATHS = (
					"SGiPhoneSDK/SGClient/$(PLATFORM_NAME)",
					"\"$(SRCROOT)/SGiPhoneSDK/SGMapKit/$(PLATFORM_NAME)\"",
				);
				OTHER_LDFLAGS = (
					"-all_load",
					"-ObjC",
					"-l",
					SGClient,
					"-l",
					SGMapKit,
				);
				PRODUCT_NAME = SGLayerUpdater;
				VALIDATE_PRODUCT = YES;
			};
			name = Release;
		};
		C01FCF4F08A954540054247B /* Debug */ = {
			isa = XCBuildConfiguration;
			buildSettings = {
				ARCHS = "$(ARCHS_STANDARD_32_BIT)";
				"CODE_SIGN_IDENTITY[sdk=iphoneos*]" = "iPhone Developer";
				GCC_C_LANGUAGE_STANDARD = c99;
				GCC_WARN_ABOUT_RETURN_TYPE = YES;
				GCC_WARN_UNUSED_VARIABLE = YES;
				PREBINDING = NO;
				SDKROOT = iphoneos4.0;
			};
			name = Debug;
		};
		C01FCF5008A954540054247B /* Release */ = {
			isa = XCBuildConfiguration;
			buildSettings = {
				ARCHS = "$(ARCHS_STANDARD_32_BIT)";
				"CODE_SIGN_IDENTITY[sdk=iphoneos*]" = "iPhone Developer";
				GCC_C_LANGUAGE_STANDARD = c99;
				GCC_WARN_ABOUT_RETURN_TYPE = YES;
				GCC_WARN_UNUSED_VARIABLE = YES;
				OTHER_CFLAGS = "-DNS_BLOCK_ASSERTIONS=1";
				PREBINDING = NO;
				SDKROOT = iphoneos4.0;
			};
			name = Release;
		};
/* End XCBuildConfiguration section */

/* Begin XCConfigurationList section */
		1D6058960D05DD3E006BFB54 /* Build configuration list for PBXNativeTarget "SGLayerUpdater" */ = {
			isa = XCConfigurationList;
			buildConfigurations = (
				1D6058940D05DD3E006BFB54 /* Debug */,
				1D6058950D05DD3E006BFB54 /* Release */,
			);
			defaultConfigurationIsVisible = 0;
			defaultConfigurationName = Release;
		};
		C01FCF4E08A954540054247B /* Build configuration list for PBXProject "SGLayerUpdater" */ = {
			isa = XCConfigurationList;
			buildConfigurations = (
				C01FCF4F08A954540054247B /* Debug */,
				C01FCF5008A954540054247B /* Release */,
			);
			defaultConfigurationIsVisible = 0;
			defaultConfigurationName = Release;
		};
/* End XCConfigurationList section */
	};
	rootObject = 29B97313FDCFA39411CA2CEA /* Project object */;
}
